{
    "requires": true,
    "lockfileVersion": 1,
    "dependencies": {
        "konva": {
            "version": "2.6.0",
            "resolved": "https://registry.npmjs.org/konva/-/konva-2.6.0.tgz",
            "integrity": "sha512-LCOoavICTD9PYoAqtWo8sbxYtCiXdgEeY7vj/Sq8b2bwFmrQr9Ak0RkD4/jxAf5fcUQRL5e1zPLyfRpVndp20A=="
        }
    }
}
